// !$*UTF8*$!
{
	archiveVersion = 1;
	classes = {
	};
	objectVersion = 50;
	objects = {

/* Begin PBXBuildFile section */
		81B08759264878A10035C68F /* CryptoWidgetApp.swift in Sources */ = {isa = PBXBuildFile; fileRef = 81B08758264878A10035C68F /* CryptoWidgetApp.swift */; };
		81B0875B264878A10035C68F /* ContentView.swift in Sources */ = {isa = PBXBuildFile; fileRef = 81B0875A264878A10035C68F /* ContentView.swift */; };
		81B0875D264878A30035C68F /* Assets.xcassets in Resources */ = {isa = PBXBuildFile; fileRef = 81B0875C264878A30035C68F /* Assets.xcassets */; };
		81B08760264878A30035C68F /* Preview Assets.xcassets in Resources */ = {isa = PBXBuildFile; fileRef = 81B0875F264878A30035C68F /* Preview Assets.xcassets */; };
		81B0876E264878C20035C68F /* WidgetKit.framework in Frameworks */ = {isa = PBXBuildFile; fileRef = 81B0876D264878C20035C68F /* WidgetKit.framework */; };
		81B08770264878C20035C68F /* SwiftUI.framework in Frameworks */ = {isa = PBXBuildFile; fileRef = 81B0876F264878C20035C68F /* SwiftUI.framework */; };
		81B08773264878C20035C68F /* BTC_Widget.swift in Sources */ = {isa = PBXBuildFile; fileRef = 81B08772264878C20035C68F /* BTC_Widget.swift */; };
		81B08775264878C40035C68F /* Assets.xcassets in Resources */ = {isa = PBXBuildFile; fileRef = 81B08774264878C40035C68F /* Assets.xcassets */; };
		81B08779264878C40035C68F /* BTC WidgetExtension.appex in Embed App Extensions */ = {isa = PBXBuildFile; fileRef = 81B0876B264878C20035C68F /* BTC WidgetExtension.appex */; settings = {ATTRIBUTES = (RemoveHeadersOnCopy, ); }; };
		81B08783264893FB0035C68F /* WidgetKit.framework in Frameworks */ = {isa = PBXBuildFile; fileRef = 81B0876D264878C20035C68F /* WidgetKit.framework */; };
		81B08784264893FB0035C68F /* SwiftUI.framework in Frameworks */ = {isa = PBXBuildFile; fileRef = 81B0876F264878C20035C68F /* SwiftUI.framework */; };
		81B08787264893FB0035C68F /* ETH_Widget.swift in Sources */ = {isa = PBXBuildFile; fileRef = 81B08786264893FB0035C68F /* ETH_Widget.swift */; };
		81B08789264893FE0035C68F /* Assets.xcassets in Resources */ = {isa = PBXBuildFile; fileRef = 81B08788264893FE0035C68F /* Assets.xcassets */; };
		81B0878D264893FE0035C68F /* ETH WidgetExtension.appex in Embed App Extensions */ = {isa = PBXBuildFile; fileRef = 81B08782264893FB0035C68F /* ETH WidgetExtension.appex */; settings = {ATTRIBUTES = (RemoveHeadersOnCopy, ); }; };
/* End PBXBuildFile section */

/* Begin PBXContainerItemProxy section */
		81B08777264878C40035C68F /* PBXContainerItemProxy */ = {
			isa = PBXContainerItemProxy;
			containerPortal = 81B0874D264878A00035C68F /* Project object */;
			proxyType = 1;
			remoteGlobalIDString = 81B0876A264878C20035C68F;
			remoteInfo = "BTC WidgetExtension";
		};
		81B0878B264893FE0035C68F /* PBXContainerItemProxy */ = {
			isa = PBXContainerItemProxy;
			containerPortal = 81B0874D264878A00035C68F /* Project object */;
			proxyType = 1;
			remoteGlobalIDString = 81B08781264893FB0035C68F;
			remoteInfo = "ETH WidgetExtension";
		};
/* End PBXContainerItemProxy section */

/* Begin PBXCopyFilesBuildPhase section */
		81B0877D264878C40035C68F /* Embed App Extensions */ = {
			isa = PBXCopyFilesBuildPhase;
			buildActionMask = 2147483647;
			dstPath = "";
			dstSubfolderSpec = 13;
			files = (
				81B08779264878C40035C68F /* BTC WidgetExtension.appex in Embed App Extensions */,
				81B0878D264893FE0035C68F /* ETH WidgetExtension.appex in Embed App Extensions */,
			);
			name = "Embed App Extensions";
			runOnlyForDeploymentPostprocessing = 0;
		};
/* End PBXCopyFilesBuildPhase section */

/* Begin PBXFileReference section */
		81B08755264878A00035C68F /* CryptoWidget.app */ = {isa = PBXFileReference; explicitFileType = wrapper.application; includeInIndex = 0; path = CryptoWidget.app; sourceTree = BUILT_PRODUCTS_DIR; };
		81B08758264878A10035C68F /* CryptoWidgetApp.swift */ = {isa = PBXFileReference; lastKnownFileType = sourcecode.swift; path = CryptoWidgetApp.swift; sourceTree = "<group>"; };
		81B0875A264878A10035C68F /* ContentView.swift */ = {isa = PBXFileReference; lastKnownFileType = sourcecode.swift; path = ContentView.swift; sourceTree = "<group>"; };
		81B0875C264878A30035C68F /* Assets.xcassets */ = {isa = PBXFileReference; lastKnownFileType = folder.assetcatalog; path = Assets.xcassets; sourceTree = "<group>"; };
		81B0875F264878A30035C68F /* Preview Assets.xcassets */ = {isa = PBXFileReference; lastKnownFileType = folder.assetcatalog; path = "Preview Assets.xcassets"; sourceTree = "<group>"; };
		81B08761264878A30035C68F /* Info.plist */ = {isa = PBXFileReference; lastKnownFileType = text.plist.xml; path = Info.plist; sourceTree = "<group>"; };
		81B0876B264878C20035C68F /* BTC WidgetExtension.appex */ = {isa = PBXFileReference; explicitFileType = "wrapper.app-extension"; includeInIndex = 0; path = "BTC WidgetExtension.appex"; sourceTree = BUILT_PRODUCTS_DIR; };
		81B0876D264878C20035C68F /* WidgetKit.framework */ = {isa = PBXFileReference; lastKnownFileType = wrapper.framework; name = WidgetKit.framework; path = System/Library/Frameworks/WidgetKit.framework; sourceTree = SDKROOT; };
		81B0876F264878C20035C68F /* SwiftUI.framework */ = {isa = PBXFileReference; lastKnownFileType = wrapper.framework; name = SwiftUI.framework; path = System/Library/Frameworks/SwiftUI.framework; sourceTree = SDKROOT; };
		81B08772264878C20035C68F /* BTC_Widget.swift */ = {isa = PBXFileReference; lastKnownFileType = sourcecode.swift; path = BTC_Widget.swift; sourceTree = "<group>"; };
		81B08774264878C40035C68F /* Assets.xcassets */ = {isa = PBXFileReference; lastKnownFileType = folder.assetcatalog; path = Assets.xcassets; sourceTree = "<group>"; };
		81B08776264878C40035C68F /* Info.plist */ = {isa = PBXFileReference; lastKnownFileType = text.plist.xml; path = Info.plist; sourceTree = "<group>"; };
		81B08782264893FB0035C68F /* ETH WidgetExtension.appex */ = {isa = PBXFileReference; explicitFileType = "wrapper.app-extension"; includeInIndex = 0; path = "ETH WidgetExtension.appex"; sourceTree = BUILT_PRODUCTS_DIR; };
		81B08786264893FB0035C68F /* ETH_Widget.swift */ = {isa = PBXFileReference; lastKnownFileType = sourcecode.swift; path = ETH_Widget.swift; sourceTree = "<group>"; };
		81B08788264893FE0035C68F /* Assets.xcassets */ = {isa = PBXFileReference; lastKnownFileType = folder.assetcatalog; path = Assets.xcassets; sourceTree = "<group>"; };
		81B0878A264893FE0035C68F /* Info.plist */ = {isa = PBXFileReference; lastKnownFileType = text.plist.xml; path = Info.plist; sourceTree = "<group>"; };
/* End PBXFileReference section */

/* Begin PBXFrameworksBuildPhase section */
		81B08752264878A00035C68F /* Frameworks */ = {
			isa = PBXFrameworksBuildPhase;
			buildActionMask = 2147483647;
			files = (
			);
			runOnlyForDeploymentPostprocessing = 0;
		};
		81B08768264878C20035C68F /* Frameworks */ = {
			isa = PBXFrameworksBuildPhase;
			buildActionMask = 2147483647;
			files = (
				81B08770264878C20035C68F /* SwiftUI.framework in Frameworks */,
				81B0876E264878C20035C68F /* WidgetKit.framework in Frameworks */,
			);
			runOnlyForDeploymentPostprocessing = 0;
		};
		81B0877F264893FB0035C68F /* Frameworks */ = {
			isa = PBXFrameworksBuildPhase;
			buildActionMask = 2147483647;
			files = (
				81B08784264893FB0035C68F /* SwiftUI.framework in Frameworks */,
				81B08783264893FB0035C68F /* WidgetKit.framework in Frameworks */,
			);
			runOnlyForDeploymentPostprocessing = 0;
		};
/* End PBXFrameworksBuildPhase section */

/* Begin PBXGroup section */
		81B0874C264878A00035C68F = {
			isa = PBXGroup;
			children = (
				81B08757264878A00035C68F /* CryptoWidget */,
				81B08771264878C20035C68F /* BTC Widget */,
				81B08785264893FB0035C68F /* ETH Widget */,
				81B0876C264878C20035C68F /* Frameworks */,
				81B08756264878A00035C68F /* Products */,
			);
			sourceTree = "<group>";
		};
		81B08756264878A00035C68F /* Products */ = {
			isa = PBXGroup;
			children = (
				81B08755264878A00035C68F /* CryptoWidget.app */,
				81B0876B264878C20035C68F /* BTC WidgetExtension.appex */,
				81B08782264893FB0035C68F /* ETH WidgetExtension.appex */,
			);
			name = Products;
			sourceTree = "<group>";
		};
		81B08757264878A00035C68F /* CryptoWidget */ = {
			isa = PBXGroup;
			children = (
				81B08758264878A10035C68F /* CryptoWidgetApp.swift */,
				81B0875A264878A10035C68F /* ContentView.swift */,
				81B0875C264878A30035C68F /* Assets.xcassets */,
				81B08761264878A30035C68F /* Info.plist */,
				81B0875E264878A30035C68F /* Preview Content */,
			);
			path = CryptoWidget;
			sourceTree = "<group>";
		};
		81B0875E264878A30035C68F /* Preview Content */ = {
			isa = PBXGroup;
			children = (
				81B0875F264878A30035C68F /* Preview Assets.xcassets */,
			);
			path = "Preview Content";
			sourceTree = "<group>";
		};
		81B0876C264878C20035C68F /* Frameworks */ = {
			isa = PBXGroup;
			children = (
				81B0876D264878C20035C68F /* WidgetKit.framework */,
				81B0876F264878C20035C68F /* SwiftUI.framework */,
			);
			name = Frameworks;
			sourceTree = "<group>";
		};
		81B08771264878C20035C68F /* BTC Widget */ = {
			isa = PBXGroup;
			children = (
				81B08772264878C20035C68F /* BTC_Widget.swift */,
				81B08774264878C40035C68F /* Assets.xcassets */,
				81B08776264878C40035C68F /* Info.plist */,
			);
			path = "BTC Widget";
			sourceTree = "<group>";
		};
		81B08785264893FB0035C68F /* ETH Widget */ = {
			isa = PBXGroup;
			children = (
				81B08786264893FB0035C68F /* ETH_Widget.swift */,
				81B08788264893FE0035C68F /* Assets.xcassets */,
				81B0878A264893FE0035C68F /* Info.plist */,
			);
			path = "ETH Widget";
			sourceTree = "<group>";
		};
/* End PBXGroup section */

/* Begin PBXNativeTarget section */
		81B08754264878A00035C68F /* CryptoWidget */ = {
			isa = PBXNativeTarget;
			buildConfigurationList = 81B08764264878A30035C68F /* Build configuration list for PBXNativeTarget "CryptoWidget" */;
			buildPhases = (
				81B08751264878A00035C68F /* Sources */,
				81B08752264878A00035C68F /* Frameworks */,
				81B08753264878A00035C68F /* Resources */,
				81B0877D264878C40035C68F /* Embed App Extensions */,
			);
			buildRules = (
			);
			dependencies = (
				81B08778264878C40035C68F /* PBXTargetDependency */,
				81B0878C264893FE0035C68F /* PBXTargetDependency */,
			);
			name = CryptoWidget;
			productName = CryptoWidget;
			productReference = 81B08755264878A00035C68F /* CryptoWidget.app */;
			productType = "com.apple.product-type.application";
		};
		81B0876A264878C20035C68F /* BTC WidgetExtension */ = {
			isa = PBXNativeTarget;
			buildConfigurationList = 81B0877A264878C40035C68F /* Build configuration list for PBXNativeTarget "BTC WidgetExtension" */;
			buildPhases = (
				81B08767264878C20035C68F /* Sources */,
				81B08768264878C20035C68F /* Frameworks */,
				81B08769264878C20035C68F /* Resources */,
			);
			buildRules = (
			);
			dependencies = (
			);
			name = "BTC WidgetExtension";
			productName = "BTC WidgetExtension";
			productReference = 81B0876B264878C20035C68F /* BTC WidgetExtension.appex */;
			productType = "com.apple.product-type.app-extension";
		};
		81B08781264893FB0035C68F /* ETH WidgetExtension */ = {
			isa = PBXNativeTarget;
			buildConfigurationList = 81B0878E264893FE0035C68F /* Build configuration list for PBXNativeTarget "ETH WidgetExtension" */;
			buildPhases = (
				81B0877E264893FB0035C68F /* Sources */,
				81B0877F264893FB0035C68F /* Frameworks */,
				81B08780264893FB0035C68F /* Resources */,
			);
			buildRules = (
			);
			dependencies = (
			);
			name = "ETH WidgetExtension";
			productName = "ETH WidgetExtension";
			productReference = 81B08782264893FB0035C68F /* ETH WidgetExtension.appex */;
			productType = "com.apple.product-type.app-extension";
		};
/* End PBXNativeTarget section */

/* Begin PBXProject section */
		81B0874D264878A00035C68F /* Project object */ = {
			isa = PBXProject;
			attributes = {
				LastSwiftUpdateCheck = 1250;
				LastUpgradeCheck = 1250;
				TargetAttributes = {
					81B08754264878A00035C68F = {
						CreatedOnToolsVersion = 12.5;
					};
					81B0876A264878C20035C68F = {
						CreatedOnToolsVersion = 12.5;
					};
					81B08781264893FB0035C68F = {
						CreatedOnToolsVersion = 12.5;
					};
				};
			};
			buildConfigurationList = 81B08750264878A00035C68F /* Build configuration list for PBXProject "CryptoWidget" */;
			compatibilityVersion = "Xcode 9.3";
			developmentRegion = en;
			hasScannedForEncodings = 0;
			knownRegions = (
				en,
				Base,
			);
			mainGroup = 81B0874C264878A00035C68F;
			productRefGroup = 81B08756264878A00035C68F /* Products */;
			projectDirPath = "";
			projectRoot = "";
			targets = (
				81B08754264878A00035C68F /* CryptoWidget */,
				81B0876A264878C20035C68F /* BTC WidgetExtension */,
				81B08781264893FB0035C68F /* ETH WidgetExtension */,
			);
		};
/* End PBXProject section */

/* Begin PBXResourcesBuildPhase section */
		81B08753264878A00035C68F /* Resources */ = {
			isa = PBXResourcesBuildPhase;
			buildActionMask = 2147483647;
			files = (
				81B08760264878A30035C68F /* Preview Assets.xcassets in Resources */,
				81B0875D264878A30035C68F /* Assets.xcassets in Resources */,
			);
			runOnlyForDeploymentPostprocessing = 0;
		};
		81B08769264878C20035C68F /* Resources */ = {
			isa = PBXResourcesBuildPhase;
			buildActionMask = 2147483647;
			files = (
				81B08775264878C40035C68F /* Assets.xcassets in Resources */,
			);
			runOnlyForDeploymentPostprocessing = 0;
		};
		81B08780264893FB0035C68F /* Resources */ = {
			isa = PBXResourcesBuildPhase;
			buildActionMask = 2147483647;
			files = (
				81B08789264893FE0035C68F /* Assets.xcassets in Resources */,
			);
			runOnlyForDeploymentPostprocessing = 0;
		};
/* End PBXResourcesBuildPhase section */

/* Begin PBXSourcesBuildPhase section */
		81B08751264878A00035C68F /* Sources */ = {
			isa = PBXSourcesBuildPhase;
			buildActionMask = 2147483647;
			files = (
				81B0875B264878A10035C68F /* ContentView.swift in Sources */,
				81B08759264878A10035C68F /* CryptoWidgetApp.swift in Sources */,
			);
			runOnlyForDeploymentPostprocessing = 0;
		};
		81B08767264878C20035C68F /* Sources */ = {
			isa = PBXSourcesBuildPhase;
			buildActionMask = 2147483647;
			files = (
				81B08773264878C20035C68F /* BTC_Widget.swift in Sources */,
			);
			runOnlyForDeploymentPostprocessing = 0;
		};
		81B0877E264893FB0035C68F /* Sources */ = {
			isa = PBXSourcesBuildPhase;
			buildActionMask = 2147483647;
			files = (
				81B08787264893FB0035C68F /* ETH_Widget.swift in Sources */,
			);
			runOnlyForDeploymentPostprocessing = 0;
		};
/* End PBXSourcesBuildPhase section */

/* Begin PBXTargetDependency section */
		81B08778264878C40035C68F /* PBXTargetDependency */ = {
			isa = PBXTargetDependency;
			target = 81B0876A264878C20035C68F /* BTC WidgetExtension */;
			targetProxy = 81B08777264878C40035C68F /* PBXContainerItemProxy */;
		};
		81B0878C264893FE0035C68F /* PBXTargetDependency */ = {
			isa = PBXTargetDependency;
			target = 81B08781264893FB0035C68F /* ETH WidgetExtension */;
			targetProxy = 81B0878B264893FE0035C68F /* PBXContainerItemProxy */;
		};
/* End PBXTargetDependency section */

/* Begin XCBuildConfiguration section */
		81B08762264878A30035C68F /* Debug */ = {
			isa = XCBuildConfiguration;
			buildSettings = {
				ALWAYS_SEARCH_USER_PATHS = NO;
				CLANG_ANALYZER_NONNULL = YES;
				CLANG_ANALYZER_NUMBER_OBJECT_CONVERSION = YES_AGGRESSIVE;
				CLANG_CXX_LANGUAGE_STANDARD = "gnu++14";
				CLANG_CXX_LIBRARY = "libc++";
				CLANG_ENABLE_MODULES = YES;
				CLANG_ENABLE_OBJC_ARC = YES;
				CLANG_ENABLE_OBJC_WEAK = YES;
				CLANG_WARN_BLOCK_CAPTURE_AUTORELEASING = YES;
				CLANG_WARN_BOOL_CONVERSION = YES;
				CLANG_WARN_COMMA = YES;
				CLANG_WARN_CONSTANT_CONVERSION = YES;
				CLANG_WARN_DEPRECATED_OBJC_IMPLEMENTATIONS = YES;
				CLANG_WARN_DIRECT_OBJC_ISA_USAGE = YES_ERROR;
				CLANG_WARN_DOCUMENTATION_COMMENTS = YES;
				CLANG_WARN_EMPTY_BODY = YES;
				CLANG_WARN_ENUM_CONVERSION = YES;
				CLANG_WARN_INFINITE_RECURSION = YES;
				CLANG_WARN_INT_CONVERSION = YES;
				CLANG_WARN_NON_LITERAL_NULL_CONVERSION = YES;
				CLANG_WARN_OBJC_IMPLICIT_RETAIN_SELF = YES;
				CLANG_WARN_OBJC_LITERAL_CONVERSION = YES;
				CLANG_WARN_OBJC_ROOT_CLASS = YES_ERROR;
				CLANG_WARN_QUOTED_INCLUDE_IN_FRAMEWORK_HEADER = YES;
				CLANG_WARN_RANGE_LOOP_ANALYSIS = YES;
				CLANG_WARN_STRICT_PROTOTYPES = YES;
				CLANG_WARN_SUSPICIOUS_MOVE = YES;
				CLANG_WARN_UNGUARDED_AVAILABILITY = YES_AGGRESSIVE;
				CLANG_WARN_UNREACHABLE_CODE = YES;
				CLANG_WARN__DUPLICATE_METHOD_MATCH = YES;
				COPY_PHASE_STRIP = NO;
				DEBUG_INFORMATION_FORMAT = dwarf;
				ENABLE_STRICT_OBJC_MSGSEND = YES;
				ENABLE_TESTABILITY = YES;
				GCC_C_LANGUAGE_STANDARD = gnu11;
				GCC_DYNAMIC_NO_PIC = NO;
				GCC_NO_COMMON_BLOCKS = YES;
				GCC_OPTIMIZATION_LEVEL = 0;
				GCC_PREPROCESSOR_DEFINITIONS = (
					"DEBUG=1",
					"$(inherited)",
				);
				GCC_WARN_64_TO_32_BIT_CONVERSION = YES;
				GCC_WARN_ABOUT_RETURN_TYPE = YES_ERROR;
				GCC_WARN_UNDECLARED_SELECTOR = YES;
				GCC_WARN_UNINITIALIZED_AUTOS = YES_AGGRESSIVE;
				GCC_WARN_UNUSED_FUNCTION = YES;
				GCC_WARN_UNUSED_VARIABLE = YES;
				IPHONEOS_DEPLOYMENT_TARGET = 14.5;
				MTL_ENABLE_DEBUG_INFO = INCLUDE_SOURCE;
				MTL_FAST_MATH = YES;
				ONLY_ACTIVE_ARCH = YES;
				SDKROOT = iphoneos;
				SWIFT_ACTIVE_COMPILATION_CONDITIONS = DEBUG;
				SWIFT_OPTIMIZATION_LEVEL = "-Onone";
			};
			name = Debug;
		};
		81B08763264878A30035C68F /* Release */ = {
			isa = XCBuildConfiguration;
			buildSettings = {
				ALWAYS_SEARCH_USER_PATHS = NO;
				CLANG_ANALYZER_NONNULL = YES;
				CLANG_ANALYZER_NUMBER_OBJECT_CONVERSION = YES_AGGRESSIVE;
				CLANG_CXX_LANGUAGE_STANDARD = "gnu++14";
				CLANG_CXX_LIBRARY = "libc++";
				CLANG_ENABLE_MODULES = YES;
				CLANG_ENABLE_OBJC_ARC = YES;
				CLANG_ENABLE_OBJC_WEAK = YES;
				CLANG_WARN_BLOCK_CAPTURE_AUTORELEASING = YES;
				CLANG_WARN_BOOL_CONVERSION = YES;
				CLANG_WARN_COMMA = YES;
				CLANG_WARN_CONSTANT_CONVERSION = YES;
				CLANG_WARN_DEPRECATED_OBJC_IMPLEMENTATIONS = YES;
				CLANG_WARN_DIRECT_OBJC_ISA_USAGE = YES_ERROR;
				CLANG_WARN_DOCUMENTATION_COMMENTS = YES;
				CLANG_WARN_EMPTY_BODY = YES;
				CLANG_WARN_ENUM_CONVERSION = YES;
				CLANG_WARN_INFINITE_RECURSION = YES;
				CLANG_WARN_INT_CONVERSION = YES;
				CLANG_WARN_NON_LITERAL_NULL_CONVERSION = YES;
				CLANG_WARN_OBJC_IMPLICIT_RETAIN_SELF = YES;
				CLANG_WARN_OBJC_LITERAL_CONVERSION = YES;
				CLANG_WARN_OBJC_ROOT_CLASS = YES_ERROR;
				CLANG_WARN_QUOTED_INCLUDE_IN_FRAMEWORK_HEADER = YES;
				CLANG_WARN_RANGE_LOOP_ANALYSIS = YES;
				CLANG_WARN_STRICT_PROTOTYPES = YES;
				CLANG_WARN_SUSPICIOUS_MOVE = YES;
				CLANG_WARN_UNGUARDED_AVAILABILITY = YES_AGGRESSIVE;
				CLANG_WARN_UNREACHABLE_CODE = YES;
				CLANG_WARN__DUPLICATE_METHOD_MATCH = YES;
				COPY_PHASE_STRIP = NO;
				DEBUG_INFORMATION_FORMAT = "dwarf-with-dsym";
				ENABLE_NS_ASSERTIONS = NO;
				ENABLE_STRICT_OBJC_MSGSEND = YES;
				GCC_C_LANGUAGE_STANDARD = gnu11;
				GCC_NO_COMMON_BLOCKS = YES;
				GCC_WARN_64_TO_32_BIT_CONVERSION = YES;
				GCC_WARN_ABOUT_RETURN_TYPE = YES_ERROR;
				GCC_WARN_UNDECLARED_SELECTOR = YES;
				GCC_WARN_UNINITIALIZED_AUTOS = YES_AGGRESSIVE;
				GCC_WARN_UNUSED_FUNCTION = YES;
				GCC_WARN_UNUSED_VARIABLE = YES;
				IPHONEOS_DEPLOYMENT_TARGET = 14.5;
				MTL_ENABLE_DEBUG_INFO = NO;
				MTL_FAST_MATH = YES;
				SDKROOT = iphoneos;
				SWIFT_COMPILATION_MODE = wholemodule;
				SWIFT_OPTIMIZATION_LEVEL = "-O";
				VALIDATE_PRODUCT = YES;
			};
			name = Release;
		};
		81B08765264878A30035C68F /* Debug */ = {
			isa = XCBuildConfiguration;
			buildSettings = {
				ALWAYS_EMBED_SWIFT_STANDARD_LIBRARIES = YES;
				ASSETCATALOG_COMPILER_APPICON_NAME = AppIcon;
				ASSETCATALOG_COMPILER_GLOBAL_ACCENT_COLOR_NAME = AccentColor;
				CODE_SIGN_STYLE = Automatic;
				DEVELOPMENT_ASSET_PATHS = "\"CryptoWidget/Preview Content\"";
				ENABLE_PREVIEWS = YES;
				INFOPLIST_FILE = CryptoWidget/Info.plist;
				IPHONEOS_DEPLOYMENT_TARGET = 14.0;
				LD_RUNPATH_SEARCH_PATHS = (
					"$(inherited)",
					"@executable_path/Frameworks",
				);
				PRODUCT_BUNDLE_IDENTIFIER = scheera2.CryptoWidget;
				PRODUCT_NAME = "$(TARGET_NAME)";
				SWIFT_VERSION = 5.0;
				TARGETED_DEVICE_FAMILY = "1,2";
			};
			name = Debug;
		};
		81B08766264878A30035C68F /* Release */ = {
			isa = XCBuildConfiguration;
			buildSettings = {
				ALWAYS_EMBED_SWIFT_STANDARD_LIBRARIES = YES;
				ASSETCATALOG_COMPILER_APPICON_NAME = AppIcon;
				ASSETCATALOG_COMPILER_GLOBAL_ACCENT_COLOR_NAME = AccentColor;
				CODE_SIGN_STYLE = Automatic;
				DEVELOPMENT_ASSET_PATHS = "\"CryptoWidget/Preview Content\"";
				ENABLE_PREVIEWS = YES;
				INFOPLIST_FILE = CryptoWidget/Info.plist;
				IPHONEOS_DEPLOYMENT_TARGET = 14.0;
				LD_RUNPATH_SEARCH_PATHS = (
					"$(inherited)",
					"@executable_path/Frameworks",
				);
				PRODUCT_BUNDLE_IDENTIFIER = scheera2.CryptoWidget;
				PRODUCT_NAME = "$(TARGET_NAME)";
				SWIFT_VERSION = 5.0;
				TARGETED_DEVICE_FAMILY = "1,2";
			};
			name = Release;
		};
		81B0877B264878C40035C68F /* Debug */ = {
			isa = XCBuildConfiguration;
			buildSettings = {
				ASSETCATALOG_COMPILER_GLOBAL_ACCENT_COLOR_NAME = AccentColor;
				ASSETCATALOG_COMPILER_WIDGET_BACKGROUND_COLOR_NAME = WidgetBackground;
				CODE_SIGN_STYLE = Automatic;
				INFOPLIST_FILE = "BTC Widget/Info.plist";
				LD_RUNPATH_SEARCH_PATHS = (
					"$(inherited)",
					"@executable_path/Frameworks",
					"@executable_path/../../Frameworks",
				);
				PRODUCT_BUNDLE_IDENTIFIER = "scheera2.CryptoWidget.BTC-Widget";
				PRODUCT_NAME = "$(TARGET_NAME)";
				SKIP_INSTALL = YES;
				SWIFT_VERSION = 5.0;
				TARGETED_DEVICE_FAMILY = "1,2";
			};
			name = Debug;
		};
		81B0877C264878C40035C68F /* Release */ = {
			isa = XCBuildConfiguration;
			buildSettings = {
				ASSETCATALOG_COMPILER_GLOBAL_ACCENT_COLOR_NAME = AccentColor;
				ASSETCATALOG_COMPILER_WIDGET_BACKGROUND_COLOR_NAME = WidgetBackground;
				CODE_SIGN_STYLE = Automatic;
				INFOPLIST_FILE = "BTC Widget/Info.plist";
				LD_RUNPATH_SEARCH_PATHS = (
					"$(inherited)",
					"@executable_path/Frameworks",
					"@executable_path/../../Frameworks",
				);
				PRODUCT_BUNDLE_IDENTIFIER = "scheera2.CryptoWidget.BTC-Widget";
				PRODUCT_NAME = "$(TARGET_NAME)";
				SKIP_INSTALL = YES;
				SWIFT_VERSION = 5.0;
				TARGETED_DEVICE_FAMILY = "1,2";
			};
			name = Release;
		};
		81B0878F264893FE0035C68F /* Debug */ = {
			isa = XCBuildConfiguration;
			buildSettings = {
				ASSETCATALOG_COMPILER_GLOBAL_ACCENT_COLOR_NAME = AccentColor;
				ASSETCATALOG_COMPILER_WIDGET_BACKGROUND_COLOR_NAME = WidgetBackground;
				CODE_SIGN_STYLE = Automatic;
				INFOPLIST_FILE = "ETH Widget/Info.plist";
				LD_RUNPATH_SEARCH_PATHS = (
					"$(inherited)",
					"@executable_path/Frameworks",
					"@executable_path/../../Frameworks",
				);
				PRODUCT_BUNDLE_IDENTIFIER = "scheera2.CryptoWidget.ETH-Widget";
				PRODUCT_NAME = "$(TARGET_NAME)";
				SKIP_INSTALL = YES;
				SWIFT_VERSION = 5.0;
				TARGETED_DEVICE_FAMILY = "1,2";
			};
			name = Debug;
		};
		81B08790264893FE0035C68F /* Release */ = {
			isa = XCBuildConfiguration;
			buildSettings = {
				ASSETCATALOG_COMPILER_GLOBAL_ACCENT_COLOR_NAME = AccentColor;
				ASSETCATALOG_COMPILER_WIDGET_BACKGROUND_COLOR_NAME = WidgetBackground;
				CODE_SIGN_STYLE = Automatic;
				INFOPLIST_FILE = "ETH Widget/Info.plist";
				LD_RUNPATH_SEARCH_PATHS = (
					"$(inherited)",
					"@executable_path/Frameworks",
					"@executable_path/../../Frameworks",
				);
				PRODUCT_BUNDLE_IDENTIFIER = "scheera2.CryptoWidget.ETH-Widget";
				PRODUCT_NAME = "$(TARGET_NAME)";
				SKIP_INSTALL = YES;
				SWIFT_VERSION = 5.0;
				TARGETED_DEVICE_FAMILY = "1,2";
			};
			name = Release;
		};
/* End XCBuildConfiguration section */

/* Begin XCConfigurationList section */
		81B08750264878A00035C68F /* Build configuration list for PBXProject "CryptoWidget" */ = {
			isa = XCConfigurationList;
			buildConfigurations = (
				81B08762264878A30035C68F /* Debug */,
				81B08763264878A30035C68F /* Release */,
			);
			defaultConfigurationIsVisible = 0;
			defaultConfigurationName = Release;
		};
		81B08764264878A30035C68F /* Build configuration list for PBXNativeTarget "CryptoWidget" */ = {
			isa = XCConfigurationList;
			buildConfigurations = (
				81B08765264878A30035C68F /* Debug */,
				81B08766264878A30035C68F /* Release */,
			);
			defaultConfigurationIsVisible = 0;
			defaultConfigurationName = Release;
		};
		81B0877A264878C40035C68F /* Build configuration list for PBXNativeTarget "BTC WidgetExtension" */ = {
			isa = XCConfigurationList;
			buildConfigurations = (
				81B0877B264878C40035C68F /* Debug */,
				81B0877C264878C40035C68F /* Release */,
			);
			defaultConfigurationIsVisible = 0;
			defaultConfigurationName = Release;
		};
		81B0878E264893FE0035C68F /* Build configuration list for PBXNativeTarget "ETH WidgetExtension" */ = {
			isa = XCConfigurationList;
			buildConfigurations = (
				81B0878F264893FE0035C68F /* Debug */,
				81B08790264893FE0035C68F /* Release */,
			);
			defaultConfigurationIsVisible = 0;
			defaultConfigurationName = Release;
		};
/* End XCConfigurationList section */
	};
	rootObject = 81B0874D264878A00035C68F /* Project object */;
}
